
Microsoft Visual Studio Solution File, Format Version 12.00
# Visual Studio Version 17
VisualStudioVersion = 17.2.32519.379
MinimumVisualStudioVersion = 10.0.40219.1
Project("{FAE04EC0-301F-11D3-BF4B-00C04F79EFBC}") = "Rock Paper Scissors", "Rock Paper Scissors\Rock Paper Scissors.csproj", "{2A68851E-34A6-408D-80F1-4215636B5473}"
EndProject
Global
	GlobalSection(SolutionConfigurationPlatforms) = preSolution
		Debug|Any CPU = Debug|Any CPU
		Release|Any CPU = Release|Any CPU
	EndGlobalSection
	GlobalSection(ProjectConfigurationPlatforms) = postSolution
		{2A68851E-34A6-408D-80F1-4215636B5473}.Debug|Any CPU.ActiveCfg = Debug|Any CPU
		{2A68851E-34A6-408D-80F1-4215636B5473}.Debug|Any CPU.Build.0 = Debug|Any CPU
		{2A68851E-34A6-408D-80F1-4215636B5473}.Release|Any CPU.ActiveCfg = Release|Any CPU
		{2A68851E-34A6-408D-80F1-4215636B5473}.Release|Any CPU.Build.0 = Release|Any CPU
	EndGlobalSection
	GlobalSection(SolutionProperties) = preSolution
		HideSolutionNode = FALSE
	EndGlobalSection
	GlobalSection(ExtensibilityGlobals) = postSolution
		SolutionGuid = {AF7B23E3-1DAF-4FE6-920D-093EC07FCF95}
	EndGlobalSection
EndGlobal
