
Microsoft Visual Studio Solution File, Format Version 12.00
# Visual Studio Version 17
VisualStudioVersion = 17.2.32519.379
MinimumVisualStudioVersion = 10.0.40219.1
Project("{FAE04EC0-301F-11D3-BF4B-00C04F79EFBC}") = "Human Readable Time", "Human Readable Time\Human Readable Time.csproj", "{ADD3113C-FAE7-40F4-8D78-7521B369669B}"
EndProject
Global
	GlobalSection(SolutionConfigurationPlatforms) = preSolution
		Debug|Any CPU = Debug|Any CPU
		Release|Any CPU = Release|Any CPU
	EndGlobalSection
	GlobalSection(ProjectConfigurationPlatforms) = postSolution
		{ADD3113C-FAE7-40F4-8D78-7521B369669B}.Debug|Any CPU.ActiveCfg = Debug|Any CPU
		{ADD3113C-FAE7-40F4-8D78-7521B369669B}.Debug|Any CPU.Build.0 = Debug|Any CPU
		{ADD3113C-FAE7-40F4-8D78-7521B369669B}.Release|Any CPU.ActiveCfg = Release|Any CPU
		{ADD3113C-FAE7-40F4-8D78-7521B369669B}.Release|Any CPU.Build.0 = Release|Any CPU
	EndGlobalSection
	GlobalSection(SolutionProperties) = preSolution
		HideSolutionNode = FALSE
	EndGlobalSection
	GlobalSection(ExtensibilityGlobals) = postSolution
		SolutionGuid = {AA6DEA46-1C35-4566-AF09-A1DDD4929CEC}
	EndGlobalSection
EndGlobal
